
Microsoft Visual Studio Solution File, Format Version 12.00
# Visual Studio 15
Project("{FAE04EC0-301F-11D3-BF4B-00C04F79EFBC}") = "CopyFile", "CopyFile.csproj", "{17D81F9C-3C6D-47AF-81A6-4700DA4C7FD1}"
EndProject
Global
	GlobalSection(SolutionConfigurationPlatforms) = preSolution
		Debug|Any CPU = Debug|Any CPU
		Release|Any CPU = Release|Any CPU
	EndGlobalSection
	GlobalSection(ProjectConfigurationPlatforms) = postSolution
		{17D81F9C-3C6D-47AF-81A6-4700DA4C7FD1}.Debug|Any CPU.ActiveCfg = Debug|Any CPU
		{17D81F9C-3C6D-47AF-81A6-4700DA4C7FD1}.Debug|Any CPU.Build.0 = Debug|Any CPU
		{17D81F9C-3C6D-47AF-81A6-4700DA4C7FD1}.Release|Any CPU.ActiveCfg = Release|Any CPU
		{17D81F9C-3C6D-47AF-81A6-4700DA4C7FD1}.Release|Any CPU.Build.0 = Release|Any CPU
	EndGlobalSection
EndGlobal
